
Microsoft Visual Studio Solution File, Format Version 12.00
# Visual Studio Version 16
VisualStudioVersion = 16.0.30320.27
MinimumVisualStudioVersion = 10.0.40219.1
Project("{FAE04EC0-301F-11D3-BF4B-00C04F79EFBC}") = "Lesson2-3.2", "Lesson2-3.2\Lesson2-3.2.csproj", "{2A8687A7-A73F-4E76-B4AA-B5DB0E09418B}"
EndProject
Project("{FAE04EC0-301F-11D3-BF4B-00C04F79EFBC}") = "Lesson2-3.3", "Lesson2-3.3\Lesson2-3.3.csproj", "{CBE1F300-6101-4BB7-8965-CCECBB41835E}"
EndProject
Project("{FAE04EC0-301F-11D3-BF4B-00C04F79EFBC}") = "Lesson2-3.4", "Lesson2-3.4\Lesson2-3.4.csproj", "{A7B4CEF0-3BCF-4A5A-BA23-F1C14FAB64A5}"
EndProject
Project("{FAE04EC0-301F-11D3-BF4B-00C04F79EFBC}") = "Lesson2-3.add", "Lesson2-3.add\Lesson2-3.add.csproj", "{C1C3E257-E568-4FD0-812A-DE91B8CCC161}"
EndProject
Global
	GlobalSection(SolutionConfigurationPlatforms) = preSolution
		Debug|Any CPU = Debug|Any CPU
		Release|Any CPU = Release|Any CPU
	EndGlobalSection
	GlobalSection(ProjectConfigurationPlatforms) = postSolution
		{2A8687A7-A73F-4E76-B4AA-B5DB0E09418B}.Debug|Any CPU.ActiveCfg = Debug|Any CPU
		{2A8687A7-A73F-4E76-B4AA-B5DB0E09418B}.Debug|Any CPU.Build.0 = Debug|Any CPU
		{2A8687A7-A73F-4E76-B4AA-B5DB0E09418B}.Release|Any CPU.ActiveCfg = Release|Any CPU
		{2A8687A7-A73F-4E76-B4AA-B5DB0E09418B}.Release|Any CPU.Build.0 = Release|Any CPU
		{CBE1F300-6101-4BB7-8965-CCECBB41835E}.Debug|Any CPU.ActiveCfg = Debug|Any CPU
		{CBE1F300-6101-4BB7-8965-CCECBB41835E}.Debug|Any CPU.Build.0 = Debug|Any CPU
		{CBE1F300-6101-4BB7-8965-CCECBB41835E}.Release|Any CPU.ActiveCfg = Release|Any CPU
		{CBE1F300-6101-4BB7-8965-CCECBB41835E}.Release|Any CPU.Build.0 = Release|Any CPU
		{A7B4CEF0-3BCF-4A5A-BA23-F1C14FAB64A5}.Debug|Any CPU.ActiveCfg = Debug|Any CPU
		{A7B4CEF0-3BCF-4A5A-BA23-F1C14FAB64A5}.Debug|Any CPU.Build.0 = Debug|Any CPU
		{A7B4CEF0-3BCF-4A5A-BA23-F1C14FAB64A5}.Release|Any CPU.ActiveCfg = Release|Any CPU
		{A7B4CEF0-3BCF-4A5A-BA23-F1C14FAB64A5}.Release|Any CPU.Build.0 = Release|Any CPU
		{C1C3E257-E568-4FD0-812A-DE91B8CCC161}.Debug|Any CPU.ActiveCfg = Debug|Any CPU
		{C1C3E257-E568-4FD0-812A-DE91B8CCC161}.Debug|Any CPU.Build.0 = Debug|Any CPU
		{C1C3E257-E568-4FD0-812A-DE91B8CCC161}.Release|Any CPU.ActiveCfg = Release|Any CPU
		{C1C3E257-E568-4FD0-812A-DE91B8CCC161}.Release|Any CPU.Build.0 = Release|Any CPU
	EndGlobalSection
	GlobalSection(SolutionProperties) = preSolution
		HideSolutionNode = FALSE
	EndGlobalSection
	GlobalSection(ExtensibilityGlobals) = postSolution
		SolutionGuid = {9748EE96-4BB6-4E77-9FDE-E0301B81B295}
	EndGlobalSection
EndGlobal
